// !$*UTF8*$!
{
	archiveVersion = 1;
	classes = {
	};
	objectVersion = 48;
	objects = {

/* Begin PBXBuildFile section */
		17552A6D2009D8AC00E3EE7A /* AppDelegate.swift in Sources */ = {isa = PBXBuildFile; fileRef = 17552A6C2009D8AC00E3EE7A /* AppDelegate.swift */; };
		17552A6F2009D8AC00E3EE7A /* ViewController.swift in Sources */ = {isa = PBXBuildFile; fileRef = 17552A6E2009D8AC00E3EE7A /* ViewController.swift */; };
		17552A742009D8AC00E3EE7A /* Assets.xcassets in Resources */ = {isa = PBXBuildFile; fileRef = 17552A732009D8AC00E3EE7A /* Assets.xcassets */; };
		17552A772009D8AC00E3EE7A /* LaunchScreen.storyboard in Resources */ = {isa = PBXBuildFile; fileRef = 17552A752009D8AC00E3EE7A /* LaunchScreen.storyboard */; };
		17552A822009D8AC00E3EE7A /* TheWeatherAppTests.swift in Sources */ = {isa = PBXBuildFile; fileRef = 17552A812009D8AC00E3EE7A /* TheWeatherAppTests.swift */; };
		17552A902009DBC600E3EE7A /* Coordinator.swift in Sources */ = {isa = PBXBuildFile; fileRef = 17552A8D2009DBC600E3EE7A /* Coordinator.swift */; };
		17552A912009DBC600E3EE7A /* Presentable.swift in Sources */ = {isa = PBXBuildFile; fileRef = 17552A8E2009DBC600E3EE7A /* Presentable.swift */; };
		17552A922009DBC600E3EE7A /* Router.swift in Sources */ = {isa = PBXBuildFile; fileRef = 17552A8F2009DBC600E3EE7A /* Router.swift */; };
		17552A9A2009DE0D00E3EE7A /* Configuration.swift in Sources */ = {isa = PBXBuildFile; fileRef = 17552A982009DE0D00E3EE7A /* Configuration.swift */; };
		17552A9B2009DE0D00E3EE7A /* ConfigurationType.swift in Sources */ = {isa = PBXBuildFile; fileRef = 17552A992009DE0D00E3EE7A /* ConfigurationType.swift */; };
		17552A9D2009E43700E3EE7A /* AppCoordinator.swift in Sources */ = {isa = PBXBuildFile; fileRef = 17552A9C2009E43700E3EE7A /* AppCoordinator.swift */; };
		17552A9F2009E57200E3EE7A /* Store.swift in Sources */ = {isa = PBXBuildFile; fileRef = 17552A9E2009E57200E3EE7A /* Store.swift */; };
		17552AA12009F00200E3EE7A /* TodayCoordinator.swift in Sources */ = {isa = PBXBuildFile; fileRef = 17552AA02009F00200E3EE7A /* TodayCoordinator.swift */; };
		17552AA32009F01000E3EE7A /* WeeklyCoordinator.swift in Sources */ = {isa = PBXBuildFile; fileRef = 17552AA22009F01000E3EE7A /* WeeklyCoordinator.swift */; };
		17552AA52009F54000E3EE7A /* TodayViewController.swift in Sources */ = {isa = PBXBuildFile; fileRef = 17552AA42009F54000E3EE7A /* TodayViewController.swift */; };
		17552AA72009F54B00E3EE7A /* TodayPresenter.swift in Sources */ = {isa = PBXBuildFile; fileRef = 17552AA62009F54B00E3EE7A /* TodayPresenter.swift */; };
		17552AA92009F55700E3EE7A /* TodayInteractor.swift in Sources */ = {isa = PBXBuildFile; fileRef = 17552AA82009F55700E3EE7A /* TodayInteractor.swift */; };
		17552AAB2009F57500E3EE7A /* WeeklyViewController.swift in Sources */ = {isa = PBXBuildFile; fileRef = 17552AAA2009F57500E3EE7A /* WeeklyViewController.swift */; };
		17552AAD2009F58300E3EE7A /* WeeklyInteractor.swift in Sources */ = {isa = PBXBuildFile; fileRef = 17552AAC2009F58300E3EE7A /* WeeklyInteractor.swift */; };
		17552AAF2009F59000E3EE7A /* WeeklyPresenter.swift in Sources */ = {isa = PBXBuildFile; fileRef = 17552AAE2009F59000E3EE7A /* WeeklyPresenter.swift */; };
		17552AB1200A011C00E3EE7A /* TodayViewController.xib in Resources */ = {isa = PBXBuildFile; fileRef = 17552AB0200A011C00E3EE7A /* TodayViewController.xib */; };
		17552AB3200A109B00E3EE7A /* WeatherService.swift in Sources */ = {isa = PBXBuildFile; fileRef = 17552AB2200A109B00E3EE7A /* WeatherService.swift */; };
		17552AB5200A10AA00E3EE7A /* WeatherServiceImplementation.swift in Sources */ = {isa = PBXBuildFile; fileRef = 17552AB4200A10AA00E3EE7A /* WeatherServiceImplementation.swift */; };
		17552AB9200A10D100E3EE7A /* WeatherServiceResponse.swift in Sources */ = {isa = PBXBuildFile; fileRef = 17552AB8200A10D100E3EE7A /* WeatherServiceResponse.swift */; };
		17552ABB200A10DB00E3EE7A /* WeatherServiceBuilder.swift in Sources */ = {isa = PBXBuildFile; fileRef = 17552ABA200A10DB00E3EE7A /* WeatherServiceBuilder.swift */; };
		17552ABE200A372000E3EE7A /* CoreLocation.framework in Frameworks */ = {isa = PBXBuildFile; fileRef = 17552ABD200A372000E3EE7A /* CoreLocation.framework */; settings = {ATTRIBUTES = (Required, ); }; };
		17552AC1200A37ED00E3EE7A /* LocationManager.swift in Sources */ = {isa = PBXBuildFile; fileRef = 17552AC0200A37ED00E3EE7A /* LocationManager.swift */; };
		17552AC3200A5D8000E3EE7A /* WeeklyViewController.xib in Resources */ = {isa = PBXBuildFile; fileRef = 17552AC2200A5D8000E3EE7A /* WeeklyViewController.xib */; };
/* End PBXBuildFile section */

/* Begin PBXContainerItemProxy section */
		17552A7E2009D8AC00E3EE7A /* PBXContainerItemProxy */ = {
			isa = PBXContainerItemProxy;
			containerPortal = 17552A612009D8AC00E3EE7A /* Project object */;
			proxyType = 1;
			remoteGlobalIDString = 17552A682009D8AC00E3EE7A;
			remoteInfo = TheWeatherApp;
		};
/* End PBXContainerItemProxy section */

/* Begin PBXFileReference section */
		17552A692009D8AC00E3EE7A /* TheWeatherApp.app */ = {isa = PBXFileReference; explicitFileType = wrapper.application; includeInIndex = 0; path = TheWeatherApp.app; sourceTree = BUILT_PRODUCTS_DIR; };
		17552A6C2009D8AC00E3EE7A /* AppDelegate.swift */ = {isa = PBXFileReference; lastKnownFileType = sourcecode.swift; path = AppDelegate.swift; sourceTree = "<group>"; };
		17552A6E2009D8AC00E3EE7A /* ViewController.swift */ = {isa = PBXFileReference; lastKnownFileType = sourcecode.swift; path = ViewController.swift; sourceTree = "<group>"; };
		17552A732009D8AC00E3EE7A /* Assets.xcassets */ = {isa = PBXFileReference; lastKnownFileType = folder.assetcatalog; path = Assets.xcassets; sourceTree = "<group>"; };
		17552A762009D8AC00E3EE7A /* Base */ = {isa = PBXFileReference; lastKnownFileType = file.storyboard; name = Base; path = Base.lproj/LaunchScreen.storyboard; sourceTree = "<group>"; };
		17552A782009D8AC00E3EE7A /* Info.plist */ = {isa = PBXFileReference; lastKnownFileType = text.plist.xml; path = Info.plist; sourceTree = "<group>"; };
		17552A7D2009D8AC00E3EE7A /* TheWeatherAppTests.xctest */ = {isa = PBXFileReference; explicitFileType = wrapper.cfbundle; includeInIndex = 0; path = TheWeatherAppTests.xctest; sourceTree = BUILT_PRODUCTS_DIR; };
		17552A812009D8AC00E3EE7A /* TheWeatherAppTests.swift */ = {isa = PBXFileReference; lastKnownFileType = sourcecode.swift; path = TheWeatherAppTests.swift; sourceTree = "<group>"; };
		17552A832009D8AC00E3EE7A /* Info.plist */ = {isa = PBXFileReference; lastKnownFileType = text.plist.xml; path = Info.plist; sourceTree = "<group>"; };
		17552A8D2009DBC600E3EE7A /* Coordinator.swift */ = {isa = PBXFileReference; fileEncoding = 4; lastKnownFileType = sourcecode.swift; path = Coordinator.swift; sourceTree = "<group>"; };
		17552A8E2009DBC600E3EE7A /* Presentable.swift */ = {isa = PBXFileReference; fileEncoding = 4; lastKnownFileType = sourcecode.swift; path = Presentable.swift; sourceTree = "<group>"; };
		17552A8F2009DBC600E3EE7A /* Router.swift */ = {isa = PBXFileReference; fileEncoding = 4; lastKnownFileType = sourcecode.swift; path = Router.swift; sourceTree = "<group>"; };
		17552A982009DE0D00E3EE7A /* Configuration.swift */ = {isa = PBXFileReference; fileEncoding = 4; lastKnownFileType = sourcecode.swift; path = Configuration.swift; sourceTree = "<group>"; };
		17552A992009DE0D00E3EE7A /* ConfigurationType.swift */ = {isa = PBXFileReference; fileEncoding = 4; lastKnownFileType = sourcecode.swift; path = ConfigurationType.swift; sourceTree = "<group>"; };
		17552A9C2009E43700E3EE7A /* AppCoordinator.swift */ = {isa = PBXFileReference; lastKnownFileType = sourcecode.swift; path = AppCoordinator.swift; sourceTree = "<group>"; };
		17552A9E2009E57200E3EE7A /* Store.swift */ = {isa = PBXFileReference; lastKnownFileType = sourcecode.swift; path = Store.swift; sourceTree = "<group>"; };
		17552AA02009F00200E3EE7A /* TodayCoordinator.swift */ = {isa = PBXFileReference; lastKnownFileType = sourcecode.swift; path = TodayCoordinator.swift; sourceTree = "<group>"; };
		17552AA22009F01000E3EE7A /* WeeklyCoordinator.swift */ = {isa = PBXFileReference; lastKnownFileType = sourcecode.swift; path = WeeklyCoordinator.swift; sourceTree = "<group>"; };
		17552AA42009F54000E3EE7A /* TodayViewController.swift */ = {isa = PBXFileReference; lastKnownFileType = sourcecode.swift; path = TodayViewController.swift; sourceTree = "<group>"; };
		17552AA62009F54B00E3EE7A /* TodayPresenter.swift */ = {isa = PBXFileReference; lastKnownFileType = sourcecode.swift; path = TodayPresenter.swift; sourceTree = "<group>"; };
		17552AA82009F55700E3EE7A /* TodayInteractor.swift */ = {isa = PBXFileReference; lastKnownFileType = sourcecode.swift; path = TodayInteractor.swift; sourceTree = "<group>"; };
		17552AAA2009F57500E3EE7A /* WeeklyViewController.swift */ = {isa = PBXFileReference; lastKnownFileType = sourcecode.swift; path = WeeklyViewController.swift; sourceTree = "<group>"; };
		17552AAC2009F58300E3EE7A /* WeeklyInteractor.swift */ = {isa = PBXFileReference; lastKnownFileType = sourcecode.swift; path = WeeklyInteractor.swift; sourceTree = "<group>"; };
		17552AAE2009F59000E3EE7A /* WeeklyPresenter.swift */ = {isa = PBXFileReference; lastKnownFileType = sourcecode.swift; path = WeeklyPresenter.swift; sourceTree = "<group>"; };
		17552AB0200A011C00E3EE7A /* TodayViewController.xib */ = {isa = PBXFileReference; lastKnownFileType = file.xib; path = TodayViewController.xib; sourceTree = "<group>"; };
		17552AB2200A109B00E3EE7A /* WeatherService.swift */ = {isa = PBXFileReference; lastKnownFileType = sourcecode.swift; path = WeatherService.swift; sourceTree = "<group>"; };
		17552AB4200A10AA00E3EE7A /* WeatherServiceImplementation.swift */ = {isa = PBXFileReference; lastKnownFileType = sourcecode.swift; path = WeatherServiceImplementation.swift; sourceTree = "<group>"; };
		17552AB8200A10D100E3EE7A /* WeatherServiceResponse.swift */ = {isa = PBXFileReference; lastKnownFileType = sourcecode.swift; path = WeatherServiceResponse.swift; sourceTree = "<group>"; };
		17552ABA200A10DB00E3EE7A /* WeatherServiceBuilder.swift */ = {isa = PBXFileReference; lastKnownFileType = sourcecode.swift; path = WeatherServiceBuilder.swift; sourceTree = "<group>"; };
		17552ABD200A372000E3EE7A /* CoreLocation.framework */ = {isa = PBXFileReference; lastKnownFileType = wrapper.framework; name = CoreLocation.framework; path = System/Library/Frameworks/CoreLocation.framework; sourceTree = SDKROOT; };
		17552AC0200A37ED00E3EE7A /* LocationManager.swift */ = {isa = PBXFileReference; lastKnownFileType = sourcecode.swift; path = LocationManager.swift; sourceTree = "<group>"; };
		17552AC2200A5D8000E3EE7A /* WeeklyViewController.xib */ = {isa = PBXFileReference; lastKnownFileType = file.xib; path = WeeklyViewController.xib; sourceTree = "<group>"; };
/* End PBXFileReference section */

/* Begin PBXFrameworksBuildPhase section */
		17552A662009D8AC00E3EE7A /* Frameworks */ = {
			isa = PBXFrameworksBuildPhase;
			buildActionMask = 2147483647;
			files = (
				17552ABE200A372000E3EE7A /* CoreLocation.framework in Frameworks */,
			);
			runOnlyForDeploymentPostprocessing = 0;
		};
		17552A7A2009D8AC00E3EE7A /* Frameworks */ = {
			isa = PBXFrameworksBuildPhase;
			buildActionMask = 2147483647;
			files = (
			);
			runOnlyForDeploymentPostprocessing = 0;
		};
/* End PBXFrameworksBuildPhase section */

/* Begin PBXGroup section */
		17552A602009D8AC00E3EE7A = {
			isa = PBXGroup;
			children = (
				17552A6B2009D8AC00E3EE7A /* TheWeatherApp */,
				17552A802009D8AC00E3EE7A /* TheWeatherAppTests */,
				17552A6A2009D8AC00E3EE7A /* Products */,
				17552ABC200A371F00E3EE7A /* Frameworks */,
			);
			sourceTree = "<group>";
		};
		17552A6A2009D8AC00E3EE7A /* Products */ = {
			isa = PBXGroup;
			children = (
				17552A692009D8AC00E3EE7A /* TheWeatherApp.app */,
				17552A7D2009D8AC00E3EE7A /* TheWeatherAppTests.xctest */,
			);
			name = Products;
			sourceTree = "<group>";
		};
		17552A6B2009D8AC00E3EE7A /* TheWeatherApp */ = {
			isa = PBXGroup;
			children = (
				17552A6C2009D8AC00E3EE7A /* AppDelegate.swift */,
				17552A9C2009E43700E3EE7A /* AppCoordinator.swift */,
				17552A8C2009DB8A00E3EE7A /* Coordinator */,
				17552A932009DCCB00E3EE7A /* Modules */,
				17552A942009DCDD00E3EE7A /* Service */,
				17552A952009DCE500E3EE7A /* Configuration */,
				17552ABF200A37B400E3EE7A /* Location Manager */,
				17552A6E2009D8AC00E3EE7A /* ViewController.swift */,
				17552A732009D8AC00E3EE7A /* Assets.xcassets */,
				17552A752009D8AC00E3EE7A /* LaunchScreen.storyboard */,
				17552A782009D8AC00E3EE7A /* Info.plist */,
				17552A9E2009E57200E3EE7A /* Store.swift */,
			);
			path = TheWeatherApp;
			sourceTree = "<group>";
		};
		17552A802009D8AC00E3EE7A /* TheWeatherAppTests */ = {
			isa = PBXGroup;
			children = (
				17552A812009D8AC00E3EE7A /* TheWeatherAppTests.swift */,
				17552A832009D8AC00E3EE7A /* Info.plist */,
			);
			path = TheWeatherAppTests;
			sourceTree = "<group>";
		};
		17552A8C2009DB8A00E3EE7A /* Coordinator */ = {
			isa = PBXGroup;
			children = (
				17552A8D2009DBC600E3EE7A /* Coordinator.swift */,
				17552A8E2009DBC600E3EE7A /* Presentable.swift */,
				17552A8F2009DBC600E3EE7A /* Router.swift */,
			);
			path = Coordinator;
			sourceTree = "<group>";
		};
		17552A932009DCCB00E3EE7A /* Modules */ = {
			isa = PBXGroup;
			children = (
				17552A972009DD9400E3EE7A /* Today Forcast */,
				17552A962009DD8A00E3EE7A /* Weekly Forcast */,
			);
			path = Modules;
			sourceTree = "<group>";
		};
		17552A942009DCDD00E3EE7A /* Service */ = {
			isa = PBXGroup;
			children = (
				17552AB2200A109B00E3EE7A /* WeatherService.swift */,
				17552ABA200A10DB00E3EE7A /* WeatherServiceBuilder.swift */,
				17552AB4200A10AA00E3EE7A /* WeatherServiceImplementation.swift */,
				17552AB8200A10D100E3EE7A /* WeatherServiceResponse.swift */,
			);
			path = Service;
			sourceTree = "<group>";
		};
		17552A952009DCE500E3EE7A /* Configuration */ = {
			isa = PBXGroup;
			children = (
				17552A982009DE0D00E3EE7A /* Configuration.swift */,
				17552A992009DE0D00E3EE7A /* ConfigurationType.swift */,
			);
			path = Configuration;
			sourceTree = "<group>";
		};
		17552A962009DD8A00E3EE7A /* Weekly Forcast */ = {
			isa = PBXGroup;
			children = (
				17552AA22009F01000E3EE7A /* WeeklyCoordinator.swift */,
				17552AAA2009F57500E3EE7A /* WeeklyViewController.swift */,
				17552AC2200A5D8000E3EE7A /* WeeklyViewController.xib */,
				17552AAE2009F59000E3EE7A /* WeeklyPresenter.swift */,
				17552AAC2009F58300E3EE7A /* WeeklyInteractor.swift */,
			);
			path = "Weekly Forcast";
			sourceTree = "<group>";
		};
		17552A972009DD9400E3EE7A /* Today Forcast */ = {
			isa = PBXGroup;
			children = (
				17552AA02009F00200E3EE7A /* TodayCoordinator.swift */,
				17552AA42009F54000E3EE7A /* TodayViewController.swift */,
				17552AB0200A011C00E3EE7A /* TodayViewController.xib */,
				17552AA62009F54B00E3EE7A /* TodayPresenter.swift */,
				17552AA82009F55700E3EE7A /* TodayInteractor.swift */,
			);
			path = "Today Forcast";
			sourceTree = "<group>";
		};
		17552ABC200A371F00E3EE7A /* Frameworks */ = {
			isa = PBXGroup;
			children = (
				17552ABD200A372000E3EE7A /* CoreLocation.framework */,
			);
			name = Frameworks;
			sourceTree = "<group>";
		};
		17552ABF200A37B400E3EE7A /* Location Manager */ = {
			isa = PBXGroup;
			children = (
				17552AC0200A37ED00E3EE7A /* LocationManager.swift */,
			);
			path = "Location Manager";
			sourceTree = "<group>";
		};
/* End PBXGroup section */

/* Begin PBXNativeTarget section */
		17552A682009D8AC00E3EE7A /* TheWeatherApp */ = {
			isa = PBXNativeTarget;
			buildConfigurationList = 17552A862009D8AC00E3EE7A /* Build configuration list for PBXNativeTarget "TheWeatherApp" */;
			buildPhases = (
				17552A652009D8AC00E3EE7A /* Sources */,
				17552A662009D8AC00E3EE7A /* Frameworks */,
				17552A672009D8AC00E3EE7A /* Resources */,
			);
			buildRules = (
			);
			dependencies = (
			);
			name = TheWeatherApp;
			productName = TheWeatherApp;
			productReference = 17552A692009D8AC00E3EE7A /* TheWeatherApp.app */;
			productType = "com.apple.product-type.application";
		};
		17552A7C2009D8AC00E3EE7A /* TheWeatherAppTests */ = {
			isa = PBXNativeTarget;
			buildConfigurationList = 17552A892009D8AC00E3EE7A /* Build configuration list for PBXNativeTarget "TheWeatherAppTests" */;
			buildPhases = (
				17552A792009D8AC00E3EE7A /* Sources */,
				17552A7A2009D8AC00E3EE7A /* Frameworks */,
				17552A7B2009D8AC00E3EE7A /* Resources */,
			);
			buildRules = (
			);
			dependencies = (
				17552A7F2009D8AC00E3EE7A /* PBXTargetDependency */,
			);
			name = TheWeatherAppTests;
			productName = TheWeatherAppTests;
			productReference = 17552A7D2009D8AC00E3EE7A /* TheWeatherAppTests.xctest */;
			productType = "com.apple.product-type.bundle.unit-test";
		};
/* End PBXNativeTarget section */

/* Begin PBXProject section */
		17552A612009D8AC00E3EE7A /* Project object */ = {
			isa = PBXProject;
			attributes = {
				LastSwiftUpdateCheck = 0920;
				LastUpgradeCheck = 0920;
				ORGANIZATIONNAME = org;
				TargetAttributes = {
					17552A682009D8AC00E3EE7A = {
						CreatedOnToolsVersion = 9.2;
						ProvisioningStyle = Automatic;
					};
					17552A7C2009D8AC00E3EE7A = {
						CreatedOnToolsVersion = 9.2;
						ProvisioningStyle = Automatic;
						TestTargetID = 17552A682009D8AC00E3EE7A;
					};
				};
			};
			buildConfigurationList = 17552A642009D8AC00E3EE7A /* Build configuration list for PBXProject "TheWeatherApp" */;
			compatibilityVersion = "Xcode 8.0";
			developmentRegion = en;
			hasScannedForEncodings = 0;
			knownRegions = (
				en,
				Base,
			);
			mainGroup = 17552A602009D8AC00E3EE7A;
			productRefGroup = 17552A6A2009D8AC00E3EE7A /* Products */;
			projectDirPath = "";
			projectRoot = "";
			targets = (
				17552A682009D8AC00E3EE7A /* TheWeatherApp */,
				17552A7C2009D8AC00E3EE7A /* TheWeatherAppTests */,
			);
		};
/* End PBXProject section */

/* Begin PBXResourcesBuildPhase section */
		17552A672009D8AC00E3EE7A /* Resources */ = {
			isa = PBXResourcesBuildPhase;
			buildActionMask = 2147483647;
			files = (
				17552A772009D8AC00E3EE7A /* LaunchScreen.storyboard in Resources */,
				17552AC3200A5D8000E3EE7A /* WeeklyViewController.xib in Resources */,
				17552A742009D8AC00E3EE7A /* Assets.xcassets in Resources */,
				17552AB1200A011C00E3EE7A /* TodayViewController.xib in Resources */,
			);
			runOnlyForDeploymentPostprocessing = 0;
		};
		17552A7B2009D8AC00E3EE7A /* Resources */ = {
			isa = PBXResourcesBuildPhase;
			buildActionMask = 2147483647;
			files = (
			);
			runOnlyForDeploymentPostprocessing = 0;
		};
/* End PBXResourcesBuildPhase section */

/* Begin PBXSourcesBuildPhase section */
		17552A652009D8AC00E3EE7A /* Sources */ = {
			isa = PBXSourcesBuildPhase;
			buildActionMask = 2147483647;
			files = (
				17552A9B2009DE0D00E3EE7A /* ConfigurationType.swift in Sources */,
				17552AAF2009F59000E3EE7A /* WeeklyPresenter.swift in Sources */,
				17552A9A2009DE0D00E3EE7A /* Configuration.swift in Sources */,
				17552AB9200A10D100E3EE7A /* WeatherServiceResponse.swift in Sources */,
				17552A6F2009D8AC00E3EE7A /* ViewController.swift in Sources */,
				17552AAB2009F57500E3EE7A /* WeeklyViewController.swift in Sources */,
				17552AC1200A37ED00E3EE7A /* LocationManager.swift in Sources */,
				17552AA72009F54B00E3EE7A /* TodayPresenter.swift in Sources */,
				17552A9F2009E57200E3EE7A /* Store.swift in Sources */,
				17552A912009DBC600E3EE7A /* Presentable.swift in Sources */,
				17552ABB200A10DB00E3EE7A /* WeatherServiceBuilder.swift in Sources */,
				17552AA52009F54000E3EE7A /* TodayViewController.swift in Sources */,
				17552AA32009F01000E3EE7A /* WeeklyCoordinator.swift in Sources */,
				17552AB3200A109B00E3EE7A /* WeatherService.swift in Sources */,
				17552A9D2009E43700E3EE7A /* AppCoordinator.swift in Sources */,
				17552AB5200A10AA00E3EE7A /* WeatherServiceImplementation.swift in Sources */,
				17552AA12009F00200E3EE7A /* TodayCoordinator.swift in Sources */,
				17552A922009DBC600E3EE7A /* Router.swift in Sources */,
				17552A6D2009D8AC00E3EE7A /* AppDelegate.swift in Sources */,
				17552AAD2009F58300E3EE7A /* WeeklyInteractor.swift in Sources */,
				17552AA92009F55700E3EE7A /* TodayInteractor.swift in Sources */,
				17552A902009DBC600E3EE7A /* Coordinator.swift in Sources */,
			);
			runOnlyForDeploymentPostprocessing = 0;
		};
		17552A792009D8AC00E3EE7A /* Sources */ = {
			isa = PBXSourcesBuildPhase;
			buildActionMask = 2147483647;
			files = (
				17552A822009D8AC00E3EE7A /* TheWeatherAppTests.swift in Sources */,
			);
			runOnlyForDeploymentPostprocessing = 0;
		};
/* End PBXSourcesBuildPhase section */

/* Begin PBXTargetDependency section */
		17552A7F2009D8AC00E3EE7A /* PBXTargetDependency */ = {
			isa = PBXTargetDependency;
			target = 17552A682009D8AC00E3EE7A /* TheWeatherApp */;
			targetProxy = 17552A7E2009D8AC00E3EE7A /* PBXContainerItemProxy */;
		};
/* End PBXTargetDependency section */

/* Begin PBXVariantGroup section */
		17552A752009D8AC00E3EE7A /* LaunchScreen.storyboard */ = {
			isa = PBXVariantGroup;
			children = (
				17552A762009D8AC00E3EE7A /* Base */,
			);
			name = LaunchScreen.storyboard;
			sourceTree = "<group>";
		};
/* End PBXVariantGroup section */

/* Begin XCBuildConfiguration section */
		17552A842009D8AC00E3EE7A /* Debug */ = {
			isa = XCBuildConfiguration;
			buildSettings = {
				ALWAYS_SEARCH_USER_PATHS = NO;
				CLANG_ANALYZER_NONNULL = YES;
				CLANG_ANALYZER_NUMBER_OBJECT_CONVERSION = YES_AGGRESSIVE;
				CLANG_CXX_LANGUAGE_STANDARD = "gnu++14";
				CLANG_CXX_LIBRARY = "libc++";
				CLANG_ENABLE_MODULES = YES;
				CLANG_ENABLE_OBJC_ARC = YES;
				CLANG_WARN_BLOCK_CAPTURE_AUTORELEASING = YES;
				CLANG_WARN_BOOL_CONVERSION = YES;
				CLANG_WARN_COMMA = YES;
				CLANG_WARN_CONSTANT_CONVERSION = YES;
				CLANG_WARN_DIRECT_OBJC_ISA_USAGE = YES_ERROR;
				CLANG_WARN_DOCUMENTATION_COMMENTS = YES;
				CLANG_WARN_EMPTY_BODY = YES;
				CLANG_WARN_ENUM_CONVERSION = YES;
				CLANG_WARN_INFINITE_RECURSION = YES;
				CLANG_WARN_INT_CONVERSION = YES;
				CLANG_WARN_NON_LITERAL_NULL_CONVERSION = YES;
				CLANG_WARN_OBJC_LITERAL_CONVERSION = YES;
				CLANG_WARN_OBJC_ROOT_CLASS = YES_ERROR;
				CLANG_WARN_RANGE_LOOP_ANALYSIS = YES;
				CLANG_WARN_STRICT_PROTOTYPES = YES;
				CLANG_WARN_SUSPICIOUS_MOVE = YES;
				CLANG_WARN_UNGUARDED_AVAILABILITY = YES_AGGRESSIVE;
				CLANG_WARN_UNREACHABLE_CODE = YES;
				CLANG_WARN__DUPLICATE_METHOD_MATCH = YES;
				CODE_SIGN_IDENTITY = "iPhone Developer";
				COPY_PHASE_STRIP = NO;
				DEBUG_INFORMATION_FORMAT = dwarf;
				ENABLE_STRICT_OBJC_MSGSEND = YES;
				ENABLE_TESTABILITY = YES;
				GCC_C_LANGUAGE_STANDARD = gnu11;
				GCC_DYNAMIC_NO_PIC = NO;
				GCC_NO_COMMON_BLOCKS = YES;
				GCC_OPTIMIZATION_LEVEL = 0;
				GCC_PREPROCESSOR_DEFINITIONS = (
					"DEBUG=1",
					"$(inherited)",
				);
				GCC_WARN_64_TO_32_BIT_CONVERSION = YES;
				GCC_WARN_ABOUT_RETURN_TYPE = YES_ERROR;
				GCC_WARN_UNDECLARED_SELECTOR = YES;
				GCC_WARN_UNINITIALIZED_AUTOS = YES_AGGRESSIVE;
				GCC_WARN_UNUSED_FUNCTION = YES;
				GCC_WARN_UNUSED_VARIABLE = YES;
				IPHONEOS_DEPLOYMENT_TARGET = 11.2;
				MTL_ENABLE_DEBUG_INFO = YES;
				ONLY_ACTIVE_ARCH = YES;
				SDKROOT = iphoneos;
				SWIFT_ACTIVE_COMPILATION_CONDITIONS = DEBUG;
				SWIFT_OPTIMIZATION_LEVEL = "-Onone";
			};
			name = Debug;
		};
		17552A852009D8AC00E3EE7A /* Release */ = {
			isa = XCBuildConfiguration;
			buildSettings = {
				ALWAYS_SEARCH_USER_PATHS = NO;
				CLANG_ANALYZER_NONNULL = YES;
				CLANG_ANALYZER_NUMBER_OBJECT_CONVERSION = YES_AGGRESSIVE;
				CLANG_CXX_LANGUAGE_STANDARD = "gnu++14";
				CLANG_CXX_LIBRARY = "libc++";
				CLANG_ENABLE_MODULES = YES;
				CLANG_ENABLE_OBJC_ARC = YES;
				CLANG_WARN_BLOCK_CAPTURE_AUTORELEASING = YES;
				CLANG_WARN_BOOL_CONVERSION = YES;
				CLANG_WARN_COMMA = YES;
				CLANG_WARN_CONSTANT_CONVERSION = YES;
				CLANG_WARN_DIRECT_OBJC_ISA_USAGE = YES_ERROR;
				CLANG_WARN_DOCUMENTATION_COMMENTS = YES;
				CLANG_WARN_EMPTY_BODY = YES;
				CLANG_WARN_ENUM_CONVERSION = YES;
				CLANG_WARN_INFINITE_RECURSION = YES;
				CLANG_WARN_INT_CONVERSION = YES;
				CLANG_WARN_NON_LITERAL_NULL_CONVERSION = YES;
				CLANG_WARN_OBJC_LITERAL_CONVERSION = YES;
				CLANG_WARN_OBJC_ROOT_CLASS = YES_ERROR;
				CLANG_WARN_RANGE_LOOP_ANALYSIS = YES;
				CLANG_WARN_STRICT_PROTOTYPES = YES;
				CLANG_WARN_SUSPICIOUS_MOVE = YES;
				CLANG_WARN_UNGUARDED_AVAILABILITY = YES_AGGRESSIVE;
				CLANG_WARN_UNREACHABLE_CODE = YES;
				CLANG_WARN__DUPLICATE_METHOD_MATCH = YES;
				CODE_SIGN_IDENTITY = "iPhone Developer";
				COPY_PHASE_STRIP = NO;
				DEBUG_INFORMATION_FORMAT = "dwarf-with-dsym";
				ENABLE_NS_ASSERTIONS = NO;
				ENABLE_STRICT_OBJC_MSGSEND = YES;
				GCC_C_LANGUAGE_STANDARD = gnu11;
				GCC_NO_COMMON_BLOCKS = YES;
				GCC_WARN_64_TO_32_BIT_CONVERSION = YES;
				GCC_WARN_ABOUT_RETURN_TYPE = YES_ERROR;
				GCC_WARN_UNDECLARED_SELECTOR = YES;
				GCC_WARN_UNINITIALIZED_AUTOS = YES_AGGRESSIVE;
				GCC_WARN_UNUSED_FUNCTION = YES;
				GCC_WARN_UNUSED_VARIABLE = YES;
				IPHONEOS_DEPLOYMENT_TARGET = 11.2;
				MTL_ENABLE_DEBUG_INFO = NO;
				SDKROOT = iphoneos;
				SWIFT_OPTIMIZATION_LEVEL = "-Owholemodule";
				VALIDATE_PRODUCT = YES;
			};
			name = Release;
		};
		17552A872009D8AC00E3EE7A /* Debug */ = {
			isa = XCBuildConfiguration;
			buildSettings = {
				ASSETCATALOG_COMPILER_APPICON_NAME = AppIcon;
				CODE_SIGN_STYLE = Automatic;
				DEVELOPMENT_TEAM = A8R4J5JA38;
				INFOPLIST_FILE = TheWeatherApp/Info.plist;
				LD_RUNPATH_SEARCH_PATHS = "$(inherited) @executable_path/Frameworks";
				PRODUCT_BUNDLE_IDENTIFIER = xyz.TheWeatherApp;
				PRODUCT_NAME = "$(TARGET_NAME)";
				SWIFT_VERSION = 4.0;
				TARGETED_DEVICE_FAMILY = "1,2";
			};
			name = Debug;
		};
		17552A882009D8AC00E3EE7A /* Release */ = {
			isa = XCBuildConfiguration;
			buildSettings = {
				ASSETCATALOG_COMPILER_APPICON_NAME = AppIcon;
				CODE_SIGN_STYLE = Automatic;
				DEVELOPMENT_TEAM = A8R4J5JA38;
				INFOPLIST_FILE = TheWeatherApp/Info.plist;
				LD_RUNPATH_SEARCH_PATHS = "$(inherited) @executable_path/Frameworks";
				PRODUCT_BUNDLE_IDENTIFIER = xyz.TheWeatherApp;
				PRODUCT_NAME = "$(TARGET_NAME)";
				SWIFT_VERSION = 4.0;
				TARGETED_DEVICE_FAMILY = "1,2";
			};
			name = Release;
		};
		17552A8A2009D8AC00E3EE7A /* Debug */ = {
			isa = XCBuildConfiguration;
			buildSettings = {
				ALWAYS_EMBED_SWIFT_STANDARD_LIBRARIES = YES;
				BUNDLE_LOADER = "$(TEST_HOST)";
				CODE_SIGN_STYLE = Automatic;
				DEVELOPMENT_TEAM = A8R4J5JA38;
				INFOPLIST_FILE = TheWeatherAppTests/Info.plist;
				LD_RUNPATH_SEARCH_PATHS = "$(inherited) @executable_path/Frameworks @loader_path/Frameworks";
				PRODUCT_BUNDLE_IDENTIFIER = xyz.TheWeatherAppTests;
				PRODUCT_NAME = "$(TARGET_NAME)";
				SWIFT_VERSION = 4.0;
				TARGETED_DEVICE_FAMILY = "1,2";
				TEST_HOST = "$(BUILT_PRODUCTS_DIR)/TheWeatherApp.app/TheWeatherApp";
			};
			name = Debug;
		};
		17552A8B2009D8AC00E3EE7A /* Release */ = {
			isa = XCBuildConfiguration;
			buildSettings = {
				ALWAYS_EMBED_SWIFT_STANDARD_LIBRARIES = YES;
				BUNDLE_LOADER = "$(TEST_HOST)";
				CODE_SIGN_STYLE = Automatic;
				DEVELOPMENT_TEAM = A8R4J5JA38;
				INFOPLIST_FILE = TheWeatherAppTests/Info.plist;
				LD_RUNPATH_SEARCH_PATHS = "$(inherited) @executable_path/Frameworks @loader_path/Frameworks";
				PRODUCT_BUNDLE_IDENTIFIER = xyz.TheWeatherAppTests;
				PRODUCT_NAME = "$(TARGET_NAME)";
				SWIFT_VERSION = 4.0;
				TARGETED_DEVICE_FAMILY = "1,2";
				TEST_HOST = "$(BUILT_PRODUCTS_DIR)/TheWeatherApp.app/TheWeatherApp";
			};
			name = Release;
		};
/* End XCBuildConfiguration section */

/* Begin XCConfigurationList section */
		17552A642009D8AC00E3EE7A /* Build configuration list for PBXProject "TheWeatherApp" */ = {
			isa = XCConfigurationList;
			buildConfigurations = (
				17552A842009D8AC00E3EE7A /* Debug */,
				17552A852009D8AC00E3EE7A /* Release */,
			);
			defaultConfigurationIsVisible = 0;
			defaultConfigurationName = Release;
		};
		17552A862009D8AC00E3EE7A /* Build configuration list for PBXNativeTarget "TheWeatherApp" */ = {
			isa = XCConfigurationList;
			buildConfigurations = (
				17552A872009D8AC00E3EE7A /* Debug */,
				17552A882009D8AC00E3EE7A /* Release */,
			);
			defaultConfigurationIsVisible = 0;
			defaultConfigurationName = Release;
		};
		17552A892009D8AC00E3EE7A /* Build configuration list for PBXNativeTarget "TheWeatherAppTests" */ = {
			isa = XCConfigurationList;
			buildConfigurations = (
				17552A8A2009D8AC00E3EE7A /* Debug */,
				17552A8B2009D8AC00E3EE7A /* Release */,
			);
			defaultConfigurationIsVisible = 0;
			defaultConfigurationName = Release;
		};
/* End XCConfigurationList section */
	};
	rootObject = 17552A612009D8AC00E3EE7A /* Project object */;
}
